
Microsoft Visual Studio Solution File, Format Version 12.00
# Visual Studio 15
VisualStudioVersion = 15.0.27428.2027
MinimumVisualStudioVersion = 10.0.40219.1
Project("{8BC9CEB8-8B4A-11D0-8D11-00A0C91BC942}") = "PclProcess", "PclProcess\PclProcess.vcxproj", "{967734D0-E474-44DF-B5C9-49EAA23D7BDF}"
EndProject
Global
	GlobalSection(SolutionConfigurationPlatforms) = preSolution
		Debug|x64 = Debug|x64
		Debug|x86 = Debug|x86
		Release|x64 = Release|x64
		Release|x86 = Release|x86
	EndGlobalSection
	GlobalSection(ProjectConfigurationPlatforms) = postSolution
		{967734D0-E474-44DF-B5C9-49EAA23D7BDF}.Debug|x64.ActiveCfg = Debug|x64
		{967734D0-E474-44DF-B5C9-49EAA23D7BDF}.Debug|x64.Build.0 = Debug|x64
		{967734D0-E474-44DF-B5C9-49EAA23D7BDF}.Debug|x86.ActiveCfg = Debug|Win32
		{967734D0-E474-44DF-B5C9-49EAA23D7BDF}.Debug|x86.Build.0 = Debug|Win32
		{967734D0-E474-44DF-B5C9-49EAA23D7BDF}.Release|x64.ActiveCfg = Release|x64
		{967734D0-E474-44DF-B5C9-49EAA23D7BDF}.Release|x64.Build.0 = Release|x64
		{967734D0-E474-44DF-B5C9-49EAA23D7BDF}.Release|x86.ActiveCfg = Release|Win32
		{967734D0-E474-44DF-B5C9-49EAA23D7BDF}.Release|x86.Build.0 = Release|Win32
	EndGlobalSection
	GlobalSection(SolutionProperties) = preSolution
		HideSolutionNode = FALSE
	EndGlobalSection
	GlobalSection(ExtensibilityGlobals) = postSolution
		SolutionGuid = {C9032B31-D8DD-47BA-AB47-553F9371A6D5}
	EndGlobalSection
EndGlobal
